// !$*UTF8*$!
{
	archiveVersion = 1;
	classes = {
	};
	objectVersion = 50;
	objects = {

/* Begin PBXBuildFile section */
		981B68362337F1360046A3F2 /* CopyLabel.swift in Sources */ = {isa = PBXBuildFile; fileRef = 981B68352337F1360046A3F2 /* CopyLabel.swift */; };
		9886BB09233703D300502CE9 /* AppDelegate.swift in Sources */ = {isa = PBXBuildFile; fileRef = 9886BB08233703D300502CE9 /* AppDelegate.swift */; };
		9886BB0F233703D500502CE9 /* Assets.xcassets in Resources */ = {isa = PBXBuildFile; fileRef = 9886BB0E233703D500502CE9 /* Assets.xcassets */; };
		9886BB1F23370BAE00502CE9 /* QRData.swift in Sources */ = {isa = PBXBuildFile; fileRef = 9886BB1E23370BAE00502CE9 /* QRData.swift */; };
		9886BB2423370F6600502CE9 /* Main.storyboard in Resources */ = {isa = PBXBuildFile; fileRef = 9886BB2323370F6600502CE9 /* Main.storyboard */; };
		9886BB2623370FE300502CE9 /* QRScannerView.swift in Sources */ = {isa = PBXBuildFile; fileRef = 9886BB2523370FE300502CE9 /* QRScannerView.swift */; };
		9886BB292337106900502CE9 /* QRScannerViewController.swift in Sources */ = {isa = PBXBuildFile; fileRef = 9886BB282337106900502CE9 /* QRScannerViewController.swift */; };
		9886BB2F2337124400502CE9 /* DetailViewController.swift in Sources */ = {isa = PBXBuildFile; fileRef = 9886BB2E2337124400502CE9 /* DetailViewController.swift */; };
		9886BB322337129B00502CE9 /* UIViewController+Alert.swift in Sources */ = {isa = PBXBuildFile; fileRef = 9886BB312337129B00502CE9 /* UIViewController+Alert.swift */; };
		9886BB3723371D7000502CE9 /* LaunchScreen.storyboard in Resources */ = {isa = PBXBuildFile; fileRef = 9886BB352337181C00502CE9 /* LaunchScreen.storyboard */; };
/* End PBXBuildFile section */

/* Begin PBXFileReference section */
		981B68352337F1360046A3F2 /* CopyLabel.swift */ = {isa = PBXFileReference; lastKnownFileType = sourcecode.swift; path = CopyLabel.swift; sourceTree = "<group>"; };
		9886BB05233703D300502CE9 /* UnownScanner.app */ = {isa = PBXFileReference; explicitFileType = wrapper.application; includeInIndex = 0; path = UnownScanner.app; sourceTree = BUILT_PRODUCTS_DIR; };
		9886BB08233703D300502CE9 /* AppDelegate.swift */ = {isa = PBXFileReference; lastKnownFileType = sourcecode.swift; path = AppDelegate.swift; sourceTree = "<group>"; };
		9886BB0E233703D500502CE9 /* Assets.xcassets */ = {isa = PBXFileReference; lastKnownFileType = folder.assetcatalog; path = Assets.xcassets; sourceTree = "<group>"; };
		9886BB16233703D500502CE9 /* Info.plist */ = {isa = PBXFileReference; lastKnownFileType = text.plist.xml; path = Info.plist; sourceTree = "<group>"; };
		9886BB1E23370BAE00502CE9 /* QRData.swift */ = {isa = PBXFileReference; lastKnownFileType = sourcecode.swift; path = QRData.swift; sourceTree = "<group>"; };
		9886BB2323370F6600502CE9 /* Main.storyboard */ = {isa = PBXFileReference; lastKnownFileType = file.storyboard; path = Main.storyboard; sourceTree = "<group>"; };
		9886BB2523370FE300502CE9 /* QRScannerView.swift */ = {isa = PBXFileReference; lastKnownFileType = sourcecode.swift; path = QRScannerView.swift; sourceTree = "<group>"; };
		9886BB282337106900502CE9 /* QRScannerViewController.swift */ = {isa = PBXFileReference; lastKnownFileType = sourcecode.swift; path = QRScannerViewController.swift; sourceTree = "<group>"; };
		9886BB2E2337124400502CE9 /* DetailViewController.swift */ = {isa = PBXFileReference; lastKnownFileType = sourcecode.swift; path = DetailViewController.swift; sourceTree = "<group>"; };
		9886BB312337129B00502CE9 /* UIViewController+Alert.swift */ = {isa = PBXFileReference; lastKnownFileType = sourcecode.swift; path = "UIViewController+Alert.swift"; sourceTree = "<group>"; };
		9886BB352337181C00502CE9 /* LaunchScreen.storyboard */ = {isa = PBXFileReference; fileEncoding = 4; lastKnownFileType = file.storyboard; name = LaunchScreen.storyboard; path = Base.lproj/LaunchScreen.storyboard; sourceTree = "<group>"; };
/* End PBXFileReference section */

/* Begin PBXFrameworksBuildPhase section */
		9886BB02233703D300502CE9 /* Frameworks */ = {
			isa = PBXFrameworksBuildPhase;
			buildActionMask = 2147483647;
			files = (
			);
			runOnlyForDeploymentPostprocessing = 0;
		};
/* End PBXFrameworksBuildPhase section */

/* Begin PBXGroup section */
		9886BAFC233703D300502CE9 = {
			isa = PBXGroup;
			children = (
				9886BB07233703D300502CE9 /* UnownScanner */,
				9886BB06233703D300502CE9 /* Products */,
			);
			sourceTree = "<group>";
		};
		9886BB06233703D300502CE9 /* Products */ = {
			isa = PBXGroup;
			children = (
				9886BB05233703D300502CE9 /* UnownScanner.app */,
			);
			name = Products;
			sourceTree = "<group>";
		};
		9886BB07233703D300502CE9 /* UnownScanner */ = {
			isa = PBXGroup;
			children = (
				9886BB08233703D300502CE9 /* AppDelegate.swift */,
				9886BB1D23370B9400502CE9 /* Model */,
				9886BB2123370F4500502CE9 /* View */,
				9886BB272337103D00502CE9 /* Controller */,
				9886BB302337128E00502CE9 /* Extensions */,
				9886BB0E233703D500502CE9 /* Assets.xcassets */,
				9886BB352337181C00502CE9 /* LaunchScreen.storyboard */,
				9886BB16233703D500502CE9 /* Info.plist */,
			);
			path = UnownScanner;
			sourceTree = "<group>";
		};
		9886BB1D23370B9400502CE9 /* Model */ = {
			isa = PBXGroup;
			children = (
				9886BB1E23370BAE00502CE9 /* QRData.swift */,
			);
			path = Model;
			sourceTree = "<group>";
		};
		9886BB2123370F4500502CE9 /* View */ = {
			isa = PBXGroup;
			children = (
				9886BB2223370F4D00502CE9 /* StoryBoards */,
				9886BB2523370FE300502CE9 /* QRScannerView.swift */,
				981B68352337F1360046A3F2 /* CopyLabel.swift */,
			);
			path = View;
			sourceTree = "<group>";
		};
		9886BB2223370F4D00502CE9 /* StoryBoards */ = {
			isa = PBXGroup;
			children = (
				9886BB2323370F6600502CE9 /* Main.storyboard */,
			);
			path = StoryBoards;
			sourceTree = "<group>";
		};
		9886BB272337103D00502CE9 /* Controller */ = {
			isa = PBXGroup;
			children = (
				9886BB282337106900502CE9 /* QRScannerViewController.swift */,
				9886BB2E2337124400502CE9 /* DetailViewController.swift */,
			);
			path = Controller;
			sourceTree = "<group>";
		};
		9886BB302337128E00502CE9 /* Extensions */ = {
			isa = PBXGroup;
			children = (
				9886BB312337129B00502CE9 /* UIViewController+Alert.swift */,
			);
			path = Extensions;
			sourceTree = "<group>";
		};
/* End PBXGroup section */

/* Begin PBXNativeTarget section */
		9886BB04233703D300502CE9 /* UnownScanner */ = {
			isa = PBXNativeTarget;
			buildConfigurationList = 9886BB19233703D500502CE9 /* Build configuration list for PBXNativeTarget "UnownScanner" */;
			buildPhases = (
				9886BB01233703D300502CE9 /* Sources */,
				9886BB02233703D300502CE9 /* Frameworks */,
				9886BB03233703D300502CE9 /* Resources */,
			);
			buildRules = (
			);
			dependencies = (
			);
			name = UnownScanner;
			productName = UnownScanner;
			productReference = 9886BB05233703D300502CE9 /* UnownScanner.app */;
			productType = "com.apple.product-type.application";
		};
/* End PBXNativeTarget section */

/* Begin PBXProject section */
		9886BAFD233703D300502CE9 /* Project object */ = {
			isa = PBXProject;
			attributes = {
				LastSwiftUpdateCheck = 1100;
				LastUpgradeCheck = 1100;
				ORGANIZATIONNAME = "Qirong Li";
				TargetAttributes = {
					9886BB04233703D300502CE9 = {
						CreatedOnToolsVersion = 11.0;
					};
				};
			};
			buildConfigurationList = 9886BB00233703D300502CE9 /* Build configuration list for PBXProject "UnownScanner" */;
			compatibilityVersion = "Xcode 9.3";
			developmentRegion = en;
			hasScannedForEncodings = 0;
			knownRegions = (
				en,
				Base,
			);
			mainGroup = 9886BAFC233703D300502CE9;
			productRefGroup = 9886BB06233703D300502CE9 /* Products */;
			projectDirPath = "";
			projectRoot = "";
			targets = (
				9886BB04233703D300502CE9 /* UnownScanner */,
			);
		};
/* End PBXProject section */

/* Begin PBXResourcesBuildPhase section */
		9886BB03233703D300502CE9 /* Resources */ = {
			isa = PBXResourcesBuildPhase;
			buildActionMask = 2147483647;
			files = (
				9886BB3723371D7000502CE9 /* LaunchScreen.storyboard in Resources */,
				9886BB0F233703D500502CE9 /* Assets.xcassets in Resources */,
				9886BB2423370F6600502CE9 /* Main.storyboard in Resources */,
			);
			runOnlyForDeploymentPostprocessing = 0;
		};
/* End PBXResourcesBuildPhase section */

/* Begin PBXSourcesBuildPhase section */
		9886BB01233703D300502CE9 /* Sources */ = {
			isa = PBXSourcesBuildPhase;
			buildActionMask = 2147483647;
			files = (
				9886BB292337106900502CE9 /* QRScannerViewController.swift in Sources */,
				9886BB1F23370BAE00502CE9 /* QRData.swift in Sources */,
				9886BB2F2337124400502CE9 /* DetailViewController.swift in Sources */,
				9886BB322337129B00502CE9 /* UIViewController+Alert.swift in Sources */,
				9886BB2623370FE300502CE9 /* QRScannerView.swift in Sources */,
				9886BB09233703D300502CE9 /* AppDelegate.swift in Sources */,
				981B68362337F1360046A3F2 /* CopyLabel.swift in Sources */,
			);
			runOnlyForDeploymentPostprocessing = 0;
		};
/* End PBXSourcesBuildPhase section */

/* Begin XCBuildConfiguration section */
		9886BB17233703D500502CE9 /* Debug */ = {
			isa = XCBuildConfiguration;
			buildSettings = {
				ALWAYS_SEARCH_USER_PATHS = NO;
				CLANG_ANALYZER_NONNULL = YES;
				CLANG_ANALYZER_NUMBER_OBJECT_CONVERSION = YES_AGGRESSIVE;
				CLANG_CXX_LANGUAGE_STANDARD = "gnu++14";
				CLANG_CXX_LIBRARY = "libc++";
				CLANG_ENABLE_MODULES = YES;
				CLANG_ENABLE_OBJC_ARC = YES;
				CLANG_ENABLE_OBJC_WEAK = YES;
				CLANG_WARN_BLOCK_CAPTURE_AUTORELEASING = YES;
				CLANG_WARN_BOOL_CONVERSION = YES;
				CLANG_WARN_COMMA = YES;
				CLANG_WARN_CONSTANT_CONVERSION = YES;
				CLANG_WARN_DEPRECATED_OBJC_IMPLEMENTATIONS = YES;
				CLANG_WARN_DIRECT_OBJC_ISA_USAGE = YES_ERROR;
				CLANG_WARN_DOCUMENTATION_COMMENTS = YES;
				CLANG_WARN_EMPTY_BODY = YES;
				CLANG_WARN_ENUM_CONVERSION = YES;
				CLANG_WARN_INFINITE_RECURSION = YES;
				CLANG_WARN_INT_CONVERSION = YES;
				CLANG_WARN_NON_LITERAL_NULL_CONVERSION = YES;
				CLANG_WARN_OBJC_IMPLICIT_RETAIN_SELF = YES;
				CLANG_WARN_OBJC_LITERAL_CONVERSION = YES;
				CLANG_WARN_OBJC_ROOT_CLASS = YES_ERROR;
				CLANG_WARN_RANGE_LOOP_ANALYSIS = YES;
				CLANG_WARN_STRICT_PROTOTYPES = YES;
				CLANG_WARN_SUSPICIOUS_MOVE = YES;
				CLANG_WARN_UNGUARDED_AVAILABILITY = YES_AGGRESSIVE;
				CLANG_WARN_UNREACHABLE_CODE = YES;
				CLANG_WARN__DUPLICATE_METHOD_MATCH = YES;
				COPY_PHASE_STRIP = NO;
				DEBUG_INFORMATION_FORMAT = dwarf;
				ENABLE_STRICT_OBJC_MSGSEND = YES;
				ENABLE_TESTABILITY = YES;
				GCC_C_LANGUAGE_STANDARD = gnu11;
				GCC_DYNAMIC_NO_PIC = NO;
				GCC_NO_COMMON_BLOCKS = YES;
				GCC_OPTIMIZATION_LEVEL = 0;
				GCC_PREPROCESSOR_DEFINITIONS = (
					"DEBUG=1",
					"$(inherited)",
				);
				GCC_WARN_64_TO_32_BIT_CONVERSION = YES;
				GCC_WARN_ABOUT_RETURN_TYPE = YES_ERROR;
				GCC_WARN_UNDECLARED_SELECTOR = YES;
				GCC_WARN_UNINITIALIZED_AUTOS = YES_AGGRESSIVE;
				GCC_WARN_UNUSED_FUNCTION = YES;
				GCC_WARN_UNUSED_VARIABLE = YES;
				IPHONEOS_DEPLOYMENT_TARGET = 12.2;
				MTL_ENABLE_DEBUG_INFO = INCLUDE_SOURCE;
				MTL_FAST_MATH = YES;
				ONLY_ACTIVE_ARCH = YES;
				SDKROOT = iphoneos;
				SWIFT_ACTIVE_COMPILATION_CONDITIONS = DEBUG;
				SWIFT_OPTIMIZATION_LEVEL = "-Onone";
			};
			name = Debug;
		};
		9886BB18233703D500502CE9 /* Release */ = {
			isa = XCBuildConfiguration;
			buildSettings = {
				ALWAYS_SEARCH_USER_PATHS = NO;
				CLANG_ANALYZER_NONNULL = YES;
				CLANG_ANALYZER_NUMBER_OBJECT_CONVERSION = YES_AGGRESSIVE;
				CLANG_CXX_LANGUAGE_STANDARD = "gnu++14";
				CLANG_CXX_LIBRARY = "libc++";
				CLANG_ENABLE_MODULES = YES;
				CLANG_ENABLE_OBJC_ARC = YES;
				CLANG_ENABLE_OBJC_WEAK = YES;
				CLANG_WARN_BLOCK_CAPTURE_AUTORELEASING = YES;
				CLANG_WARN_BOOL_CONVERSION = YES;
				CLANG_WARN_COMMA = YES;
				CLANG_WARN_CONSTANT_CONVERSION = YES;
				CLANG_WARN_DEPRECATED_OBJC_IMPLEMENTATIONS = YES;
				CLANG_WARN_DIRECT_OBJC_ISA_USAGE = YES_ERROR;
				CLANG_WARN_DOCUMENTATION_COMMENTS = YES;
				CLANG_WARN_EMPTY_BODY = YES;
				CLANG_WARN_ENUM_CONVERSION = YES;
				CLANG_WARN_INFINITE_RECURSION = YES;
				CLANG_WARN_INT_CONVERSION = YES;
				CLANG_WARN_NON_LITERAL_NULL_CONVERSION = YES;
				CLANG_WARN_OBJC_IMPLICIT_RETAIN_SELF = YES;
				CLANG_WARN_OBJC_LITERAL_CONVERSION = YES;
				CLANG_WARN_OBJC_ROOT_CLASS = YES_ERROR;
				CLANG_WARN_RANGE_LOOP_ANALYSIS = YES;
				CLANG_WARN_STRICT_PROTOTYPES = YES;
				CLANG_WARN_SUSPICIOUS_MOVE = YES;
				CLANG_WARN_UNGUARDED_AVAILABILITY = YES_AGGRESSIVE;
				CLANG_WARN_UNREACHABLE_CODE = YES;
				CLANG_WARN__DUPLICATE_METHOD_MATCH = YES;
				COPY_PHASE_STRIP = NO;
				DEBUG_INFORMATION_FORMAT = "dwarf-with-dsym";
				ENABLE_NS_ASSERTIONS = NO;
				ENABLE_STRICT_OBJC_MSGSEND = YES;
				GCC_C_LANGUAGE_STANDARD = gnu11;
				GCC_NO_COMMON_BLOCKS = YES;
				GCC_WARN_64_TO_32_BIT_CONVERSION = YES;
				GCC_WARN_ABOUT_RETURN_TYPE = YES_ERROR;
				GCC_WARN_UNDECLARED_SELECTOR = YES;
				GCC_WARN_UNINITIALIZED_AUTOS = YES_AGGRESSIVE;
				GCC_WARN_UNUSED_FUNCTION = YES;
				GCC_WARN_UNUSED_VARIABLE = YES;
				IPHONEOS_DEPLOYMENT_TARGET = 12.2;
				MTL_ENABLE_DEBUG_INFO = NO;
				MTL_FAST_MATH = YES;
				SDKROOT = iphoneos;
				SWIFT_COMPILATION_MODE = wholemodule;
				SWIFT_OPTIMIZATION_LEVEL = "-O";
				VALIDATE_PRODUCT = YES;
			};
			name = Release;
		};
		9886BB1A233703D500502CE9 /* Debug */ = {
			isa = XCBuildConfiguration;
			buildSettings = {
				ASSETCATALOG_COMPILER_APPICON_NAME = AppIcon;
				CODE_SIGN_STYLE = Automatic;
				DEVELOPMENT_TEAM = 3Z7FX8YG29;
				INFOPLIST_FILE = UnownScanner/Info.plist;
				LD_RUNPATH_SEARCH_PATHS = (
					"$(inherited)",
					"@executable_path/Frameworks",
				);
				PRODUCT_BUNDLE_IDENTIFIER = com.xinchen.zhao.UnownScanner;
				PRODUCT_NAME = "$(TARGET_NAME)";
				SWIFT_VERSION = 5.0;
				TARGETED_DEVICE_FAMILY = "1,2";
			};
			name = Debug;
		};
		9886BB1B233703D500502CE9 /* Release */ = {
			isa = XCBuildConfiguration;
			buildSettings = {
				ASSETCATALOG_COMPILER_APPICON_NAME = AppIcon;
				CODE_SIGN_STYLE = Automatic;
				DEVELOPMENT_TEAM = 3Z7FX8YG29;
				INFOPLIST_FILE = UnownScanner/Info.plist;
				LD_RUNPATH_SEARCH_PATHS = (
					"$(inherited)",
					"@executable_path/Frameworks",
				);
				PRODUCT_BUNDLE_IDENTIFIER = com.xinchen.zhao.UnownScanner;
				PRODUCT_NAME = "$(TARGET_NAME)";
				SWIFT_VERSION = 5.0;
				TARGETED_DEVICE_FAMILY = "1,2";
			};
			name = Release;
		};
/* End XCBuildConfiguration section */

/* Begin XCConfigurationList section */
		9886BB00233703D300502CE9 /* Build configuration list for PBXProject "UnownScanner" */ = {
			isa = XCConfigurationList;
			buildConfigurations = (
				9886BB17233703D500502CE9 /* Debug */,
				9886BB18233703D500502CE9 /* Release */,
			);
			defaultConfigurationIsVisible = 0;
			defaultConfigurationName = Release;
		};
		9886BB19233703D500502CE9 /* Build configuration list for PBXNativeTarget "UnownScanner" */ = {
			isa = XCConfigurationList;
			buildConfigurations = (
				9886BB1A233703D500502CE9 /* Debug */,
				9886BB1B233703D500502CE9 /* Release */,
			);
			defaultConfigurationIsVisible = 0;
			defaultConfigurationName = Release;
		};
/* End XCConfigurationList section */
	};
	rootObject = 9886BAFD233703D300502CE9 /* Project object */;
}
